
Microsoft Visual Studio Solution File, Format Version 12.00
# Visual Studio Version 17
VisualStudioVersion = 17.5.002.0
MinimumVisualStudioVersion = 10.0.40219.1
Project("{9A19103F-16F7-4668-BE54-9A1E7A4F7556}") = "AnalexJava", "AnalexJava\AnalexJava.csproj", "{AB76AF51-13E4-4E79-B48D-BCDE88AF3AC7}"
EndProject
Global
	GlobalSection(SolutionConfigurationPlatforms) = preSolution
		Debug|Any CPU = Debug|Any CPU
		Release|Any CPU = Release|Any CPU
	EndGlobalSection
	GlobalSection(ProjectConfigurationPlatforms) = postSolution
		{AB76AF51-13E4-4E79-B48D-BCDE88AF3AC7}.Debug|Any CPU.ActiveCfg = Debug|Any CPU
		{AB76AF51-13E4-4E79-B48D-BCDE88AF3AC7}.Debug|Any CPU.Build.0 = Debug|Any CPU
		{AB76AF51-13E4-4E79-B48D-BCDE88AF3AC7}.Release|Any CPU.ActiveCfg = Release|Any CPU
		{AB76AF51-13E4-4E79-B48D-BCDE88AF3AC7}.Release|Any CPU.Build.0 = Release|Any CPU
	EndGlobalSection
	GlobalSection(SolutionProperties) = preSolution
		HideSolutionNode = FALSE
	EndGlobalSection
	GlobalSection(ExtensibilityGlobals) = postSolution
		SolutionGuid = {243924F1-3086-4056-BC11-F12090E46503}
	EndGlobalSection
EndGlobal
