
Microsoft Visual Studio Solution File, Format Version 12.00
# Visual Studio Version 17
VisualStudioVersion = 17.5.002.0
MinimumVisualStudioVersion = 10.0.40219.1
Project("{9A19103F-16F7-4668-BE54-9A1E7A4F7556}") = "AnalexJava", "AnalexJava.csproj", "{FA82A6B9-210F-4B14-A611-1414D638CF48}"
EndProject
Global
	GlobalSection(SolutionConfigurationPlatforms) = preSolution
		Debug|Any CPU = Debug|Any CPU
		Release|Any CPU = Release|Any CPU
	EndGlobalSection
	GlobalSection(ProjectConfigurationPlatforms) = postSolution
		{FA82A6B9-210F-4B14-A611-1414D638CF48}.Debug|Any CPU.ActiveCfg = Debug|Any CPU
		{FA82A6B9-210F-4B14-A611-1414D638CF48}.Debug|Any CPU.Build.0 = Debug|Any CPU
		{FA82A6B9-210F-4B14-A611-1414D638CF48}.Release|Any CPU.ActiveCfg = Release|Any CPU
		{FA82A6B9-210F-4B14-A611-1414D638CF48}.Release|Any CPU.Build.0 = Release|Any CPU
	EndGlobalSection
	GlobalSection(SolutionProperties) = preSolution
		HideSolutionNode = FALSE
	EndGlobalSection
	GlobalSection(ExtensibilityGlobals) = postSolution
		SolutionGuid = {BB9889F5-68C8-454F-A25B-AE1890153143}
	EndGlobalSection
EndGlobal
